
Microsoft Visual Studio Solution File, Format Version 12.00
# Visual Studio Version 17
VisualStudioVersion = 17.1.32414.318
MinimumVisualStudioVersion = 10.0.40219.1
Project("{FAE04EC0-301F-11D3-BF4B-00C04F79EFBC}") = "crm_nvc", "crm_nvc\crm_nvc.csproj", "{800D5D87-FCD4-4F73-A5EE-8F32919E7442}"
EndProject
Global
	GlobalSection(SolutionConfigurationPlatforms) = preSolution
		Debug|Any CPU = Debug|Any CPU
		Release|Any CPU = Release|Any CPU
	EndGlobalSection
	GlobalSection(ProjectConfigurationPlatforms) = postSolution
		{800D5D87-FCD4-4F73-A5EE-8F32919E7442}.Debug|Any CPU.ActiveCfg = Debug|Any CPU
		{800D5D87-FCD4-4F73-A5EE-8F32919E7442}.Debug|Any CPU.Build.0 = Debug|Any CPU
		{800D5D87-FCD4-4F73-A5EE-8F32919E7442}.Release|Any CPU.ActiveCfg = Release|Any CPU
		{800D5D87-FCD4-4F73-A5EE-8F32919E7442}.Release|Any CPU.Build.0 = Release|Any CPU
	EndGlobalSection
	GlobalSection(SolutionProperties) = preSolution
		HideSolutionNode = FALSE
	EndGlobalSection
	GlobalSection(ExtensibilityGlobals) = postSolution
		SolutionGuid = {10CF890D-0197-4CAD-B5CC-1CFD3C74686F}
	EndGlobalSection
EndGlobal
